
Microsoft Visual Studio Solution File, Format Version 12.00
# Visual Studio Version 17
VisualStudioVersion = 17.5.33414.496
MinimumVisualStudioVersion = 10.0.40219.1
Project("{9A19103F-16F7-4668-BE54-9A1E7A4F7556}") = "api-example", "api-example.csproj", "{88BB0C5B-1D9F-415D-A025-86E790D967EE}"
EndProject
Global
	GlobalSection(SolutionConfigurationPlatforms) = preSolution
		Debug|Any CPU = Debug|Any CPU
		Release|Any CPU = Release|Any CPU
	EndGlobalSection
	GlobalSection(ProjectConfigurationPlatforms) = postSolution
		{88BB0C5B-1D9F-415D-A025-86E790D967EE}.Debug|Any CPU.ActiveCfg = Debug|Any CPU
		{88BB0C5B-1D9F-415D-A025-86E790D967EE}.Debug|Any CPU.Build.0 = Debug|Any CPU
		{88BB0C5B-1D9F-415D-A025-86E790D967EE}.Release|Any CPU.ActiveCfg = Release|Any CPU
		{88BB0C5B-1D9F-415D-A025-86E790D967EE}.Release|Any CPU.Build.0 = Release|Any CPU
	EndGlobalSection
	GlobalSection(SolutionProperties) = preSolution
		HideSolutionNode = FALSE
	EndGlobalSection
	GlobalSection(ExtensibilityGlobals) = postSolution
		SolutionGuid = {52472C45-4B38-4ACB-BBA6-080DA9105C80}
	EndGlobalSection
EndGlobal
